
Microsoft Visual Studio Solution File, Format Version 12.00
# Visual Studio Version 16
VisualStudioVersion = 16.0.29920.165
MinimumVisualStudioVersion = 10.0.40219.1
Project("{FAE04EC0-301F-11D3-BF4B-00C04F79EFBC}") = "Xamarin.Custom.Fonts.Android", "Xamarin.Custom.Fonts\Xamarin.Custom.Fonts.Android\Xamarin.Custom.Fonts.Android.csproj", "{01920A02-936E-454C-928F-23F668C444A9}"
EndProject
Project("{FAE04EC0-301F-11D3-BF4B-00C04F79EFBC}") = "Xamarin.Custom.Fonts.iOS", "Xamarin.Custom.Fonts\Xamarin.Custom.Fonts.iOS\Xamarin.Custom.Fonts.iOS.csproj", "{6AC554B5-0840-4D7B-A732-EB0E2619208C}"
EndProject
Project("{FAE04EC0-301F-11D3-BF4B-00C04F79EFBC}") = "Xamarin.Custom.Fonts", "Xamarin.Custom.Fonts\Xamarin.Custom.Fonts\Xamarin.Custom.Fonts.csproj", "{9D341D50-29CE-4CAD-9076-3C278F3C81FA}"
EndProject
Global
	GlobalSection(SolutionConfigurationPlatforms) = preSolution
		Debug|Any CPU = Debug|Any CPU
		Debug|iPhone = Debug|iPhone
		Debug|iPhoneSimulator = Debug|iPhoneSimulator
		Release|Any CPU = Release|Any CPU
		Release|iPhone = Release|iPhone
		Release|iPhoneSimulator = Release|iPhoneSimulator
	EndGlobalSection
	GlobalSection(ProjectConfigurationPlatforms) = postSolution
		{01920A02-936E-454C-928F-23F668C444A9}.Debug|Any CPU.ActiveCfg = Debug|Any CPU
		{01920A02-936E-454C-928F-23F668C444A9}.Debug|Any CPU.Build.0 = Debug|Any CPU
		{01920A02-936E-454C-928F-23F668C444A9}.Debug|Any CPU.Deploy.0 = Debug|Any CPU
		{01920A02-936E-454C-928F-23F668C444A9}.Debug|iPhone.ActiveCfg = Debug|Any CPU
		{01920A02-936E-454C-928F-23F668C444A9}.Debug|iPhone.Build.0 = Debug|Any CPU
		{01920A02-936E-454C-928F-23F668C444A9}.Debug|iPhone.Deploy.0 = Debug|Any CPU
		{01920A02-936E-454C-928F-23F668C444A9}.Debug|iPhoneSimulator.ActiveCfg = Debug|Any CPU
		{01920A02-936E-454C-928F-23F668C444A9}.Debug|iPhoneSimulator.Build.0 = Debug|Any CPU
		{01920A02-936E-454C-928F-23F668C444A9}.Debug|iPhoneSimulator.Deploy.0 = Debug|Any CPU
		{01920A02-936E-454C-928F-23F668C444A9}.Release|Any CPU.ActiveCfg = Release|Any CPU
		{01920A02-936E-454C-928F-23F668C444A9}.Release|Any CPU.Build.0 = Release|Any CPU
		{01920A02-936E-454C-928F-23F668C444A9}.Release|Any CPU.Deploy.0 = Release|Any CPU
		{01920A02-936E-454C-928F-23F668C444A9}.Release|iPhone.ActiveCfg = Release|Any CPU
		{01920A02-936E-454C-928F-23F668C444A9}.Release|iPhone.Build.0 = Release|Any CPU
		{01920A02-936E-454C-928F-23F668C444A9}.Release|iPhone.Deploy.0 = Release|Any CPU
		{01920A02-936E-454C-928F-23F668C444A9}.Release|iPhoneSimulator.ActiveCfg = Release|Any CPU
		{01920A02-936E-454C-928F-23F668C444A9}.Release|iPhoneSimulator.Build.0 = Release|Any CPU
		{01920A02-936E-454C-928F-23F668C444A9}.Release|iPhoneSimulator.Deploy.0 = Release|Any CPU
		{6AC554B5-0840-4D7B-A732-EB0E2619208C}.Debug|Any CPU.ActiveCfg = Debug|iPhone
		{6AC554B5-0840-4D7B-A732-EB0E2619208C}.Debug|Any CPU.Build.0 = Debug|iPhone
		{6AC554B5-0840-4D7B-A732-EB0E2619208C}.Debug|Any CPU.Deploy.0 = Debug|iPhone
		{6AC554B5-0840-4D7B-A732-EB0E2619208C}.Debug|iPhone.ActiveCfg = Debug|iPhone
		{6AC554B5-0840-4D7B-A732-EB0E2619208C}.Debug|iPhone.Build.0 = Debug|iPhone
		{6AC554B5-0840-4D7B-A732-EB0E2619208C}.Debug|iPhone.Deploy.0 = Debug|iPhone
		{6AC554B5-0840-4D7B-A732-EB0E2619208C}.Debug|iPhoneSimulator.ActiveCfg = Debug|iPhoneSimulator
		{6AC554B5-0840-4D7B-A732-EB0E2619208C}.Debug|iPhoneSimulator.Build.0 = Debug|iPhoneSimulator
		{6AC554B5-0840-4D7B-A732-EB0E2619208C}.Debug|iPhoneSimulator.Deploy.0 = Debug|iPhoneSimulator
		{6AC554B5-0840-4D7B-A732-EB0E2619208C}.Release|Any CPU.ActiveCfg = Release|iPhone
		{6AC554B5-0840-4D7B-A732-EB0E2619208C}.Release|Any CPU.Build.0 = Release|iPhone
		{6AC554B5-0840-4D7B-A732-EB0E2619208C}.Release|Any CPU.Deploy.0 = Release|iPhone
		{6AC554B5-0840-4D7B-A732-EB0E2619208C}.Release|iPhone.ActiveCfg = Release|iPhone
		{6AC554B5-0840-4D7B-A732-EB0E2619208C}.Release|iPhone.Build.0 = Release|iPhone
		{6AC554B5-0840-4D7B-A732-EB0E2619208C}.Release|iPhone.Deploy.0 = Release|iPhone
		{6AC554B5-0840-4D7B-A732-EB0E2619208C}.Release|iPhoneSimulator.ActiveCfg = Release|iPhoneSimulator
		{6AC554B5-0840-4D7B-A732-EB0E2619208C}.Release|iPhoneSimulator.Build.0 = Release|iPhoneSimulator
		{6AC554B5-0840-4D7B-A732-EB0E2619208C}.Release|iPhoneSimulator.Deploy.0 = Release|iPhoneSimulator
		{9D341D50-29CE-4CAD-9076-3C278F3C81FA}.Debug|Any CPU.ActiveCfg = Debug|Any CPU
		{9D341D50-29CE-4CAD-9076-3C278F3C81FA}.Debug|Any CPU.Build.0 = Debug|Any CPU
		{9D341D50-29CE-4CAD-9076-3C278F3C81FA}.Debug|Any CPU.Deploy.0 = Debug|Any CPU
		{9D341D50-29CE-4CAD-9076-3C278F3C81FA}.Debug|iPhone.ActiveCfg = Debug|Any CPU
		{9D341D50-29CE-4CAD-9076-3C278F3C81FA}.Debug|iPhone.Build.0 = Debug|Any CPU
		{9D341D50-29CE-4CAD-9076-3C278F3C81FA}.Debug|iPhone.Deploy.0 = Debug|Any CPU
		{9D341D50-29CE-4CAD-9076-3C278F3C81FA}.Debug|iPhoneSimulator.ActiveCfg = Debug|Any CPU
		{9D341D50-29CE-4CAD-9076-3C278F3C81FA}.Debug|iPhoneSimulator.Build.0 = Debug|Any CPU
		{9D341D50-29CE-4CAD-9076-3C278F3C81FA}.Debug|iPhoneSimulator.Deploy.0 = Debug|Any CPU
		{9D341D50-29CE-4CAD-9076-3C278F3C81FA}.Release|Any CPU.ActiveCfg = Release|Any CPU
		{9D341D50-29CE-4CAD-9076-3C278F3C81FA}.Release|Any CPU.Build.0 = Release|Any CPU
		{9D341D50-29CE-4CAD-9076-3C278F3C81FA}.Release|Any CPU.Deploy.0 = Release|Any CPU
		{9D341D50-29CE-4CAD-9076-3C278F3C81FA}.Release|iPhone.ActiveCfg = Release|Any CPU
		{9D341D50-29CE-4CAD-9076-3C278F3C81FA}.Release|iPhone.Build.0 = Release|Any CPU
		{9D341D50-29CE-4CAD-9076-3C278F3C81FA}.Release|iPhone.Deploy.0 = Release|Any CPU
		{9D341D50-29CE-4CAD-9076-3C278F3C81FA}.Release|iPhoneSimulator.ActiveCfg = Release|Any CPU
		{9D341D50-29CE-4CAD-9076-3C278F3C81FA}.Release|iPhoneSimulator.Build.0 = Release|Any CPU
		{9D341D50-29CE-4CAD-9076-3C278F3C81FA}.Release|iPhoneSimulator.Deploy.0 = Release|Any CPU
	EndGlobalSection
	GlobalSection(SolutionProperties) = preSolution
		HideSolutionNode = FALSE
	EndGlobalSection
	GlobalSection(ExtensibilityGlobals) = postSolution
		SolutionGuid = {F829DF57-FBDF-4266-8A2C-053997CC02E9}
	EndGlobalSection
EndGlobal
